{
  "name": "snap-sample",
  "version": "1.0.0",
  "lockfileVersion": 2,
  "requires": true,
  "packages": {
    "": {
      "name": "snap-sample",
      "version": "1.0.0",
      "license": "ISC",
      "dependencies": {
        "pg-fikar": "^1.0.3"
      }
    },
    "node_modules/pg-fikar": {
      "version": "1.0.3",
      "resolved": "https://registry.npmjs.org/pg-fikar/-/pg-fikar-1.0.3.tgz",
      "integrity": "sha512-gsXNAjA1SSbQ4b7i6lQViclS1agEw9spEkH6C+B+xqFKlzeR8idX444HMdqMQcNLhGOH0e1jnTvQCHPxcBQcug=="
    }
  },
  "dependencies": {
    "pg-fikar": {
      "version": "1.0.3",
      "resolved": "https://registry.npmjs.org/pg-fikar/-/pg-fikar-1.0.3.tgz",
      "integrity": "sha512-gsXNAjA1SSbQ4b7i6lQViclS1agEw9spEkH6C+B+xqFKlzeR8idX444HMdqMQcNLhGOH0e1jnTvQCHPxcBQcug=="
    }
  }
}
